
Microsoft Visual Studio Solution File, Format Version 12.00
# Visual Studio 15
VisualStudioVersion = 15.0.28307.421
MinimumVisualStudioVersion = 10.0.40219.1
Project("{FAE04EC0-301F-11D3-BF4B-00C04F79EFBC}") = "ConsoleApp35", "ConsoleApp35\ConsoleApp35.csproj", "{46BA5763-5170-48D2-8586-DFB8ECBC2CEA}"
EndProject
Global
	GlobalSection(SolutionConfigurationPlatforms) = preSolution
		Debug|Any CPU = Debug|Any CPU
		Release|Any CPU = Release|Any CPU
	EndGlobalSection
	GlobalSection(ProjectConfigurationPlatforms) = postSolution
		{46BA5763-5170-48D2-8586-DFB8ECBC2CEA}.Debug|Any CPU.ActiveCfg = Debug|Any CPU
		{46BA5763-5170-48D2-8586-DFB8ECBC2CEA}.Debug|Any CPU.Build.0 = Debug|Any CPU
		{46BA5763-5170-48D2-8586-DFB8ECBC2CEA}.Release|Any CPU.ActiveCfg = Release|Any CPU
		{46BA5763-5170-48D2-8586-DFB8ECBC2CEA}.Release|Any CPU.Build.0 = Release|Any CPU
	EndGlobalSection
	GlobalSection(SolutionProperties) = preSolution
		HideSolutionNode = FALSE
	EndGlobalSection
	GlobalSection(ExtensibilityGlobals) = postSolution
		SolutionGuid = {CB136F0B-0B3C-4867-A869-198FD934E6D8}
	EndGlobalSection
EndGlobal
