
Microsoft Visual Studio Solution File, Format Version 12.00
# Visual Studio 15
VisualStudioVersion = 15.0.28307.421
MinimumVisualStudioVersion = 10.0.40219.1
Project("{FAE04EC0-301F-11D3-BF4B-00C04F79EFBC}") = "ConsoleApp37", "ConsoleApp37\ConsoleApp37.csproj", "{89D0F6AF-88DE-4E21-9BAB-6A856BCD0D7E}"
EndProject
Global
	GlobalSection(SolutionConfigurationPlatforms) = preSolution
		Debug|Any CPU = Debug|Any CPU
		Release|Any CPU = Release|Any CPU
	EndGlobalSection
	GlobalSection(ProjectConfigurationPlatforms) = postSolution
		{89D0F6AF-88DE-4E21-9BAB-6A856BCD0D7E}.Debug|Any CPU.ActiveCfg = Debug|Any CPU
		{89D0F6AF-88DE-4E21-9BAB-6A856BCD0D7E}.Debug|Any CPU.Build.0 = Debug|Any CPU
		{89D0F6AF-88DE-4E21-9BAB-6A856BCD0D7E}.Release|Any CPU.ActiveCfg = Release|Any CPU
		{89D0F6AF-88DE-4E21-9BAB-6A856BCD0D7E}.Release|Any CPU.Build.0 = Release|Any CPU
	EndGlobalSection
	GlobalSection(SolutionProperties) = preSolution
		HideSolutionNode = FALSE
	EndGlobalSection
	GlobalSection(ExtensibilityGlobals) = postSolution
		SolutionGuid = {3548A16A-80CE-4FF8-ADE1-2A373877EB58}
	EndGlobalSection
EndGlobal
