
Microsoft Visual Studio Solution File, Format Version 12.00
# Visual Studio 15
VisualStudioVersion = 15.0.28307.421
MinimumVisualStudioVersion = 10.0.40219.1
Project("{FAE04EC0-301F-11D3-BF4B-00C04F79EFBC}") = "ConsoleApp33", "ConsoleApp33\ConsoleApp33.csproj", "{8B7DA8F2-E151-4321-9DC6-BE64560D12C4}"
EndProject
Global
	GlobalSection(SolutionConfigurationPlatforms) = preSolution
		Debug|Any CPU = Debug|Any CPU
		Release|Any CPU = Release|Any CPU
	EndGlobalSection
	GlobalSection(ProjectConfigurationPlatforms) = postSolution
		{8B7DA8F2-E151-4321-9DC6-BE64560D12C4}.Debug|Any CPU.ActiveCfg = Debug|Any CPU
		{8B7DA8F2-E151-4321-9DC6-BE64560D12C4}.Debug|Any CPU.Build.0 = Debug|Any CPU
		{8B7DA8F2-E151-4321-9DC6-BE64560D12C4}.Release|Any CPU.ActiveCfg = Release|Any CPU
		{8B7DA8F2-E151-4321-9DC6-BE64560D12C4}.Release|Any CPU.Build.0 = Release|Any CPU
	EndGlobalSection
	GlobalSection(SolutionProperties) = preSolution
		HideSolutionNode = FALSE
	EndGlobalSection
	GlobalSection(ExtensibilityGlobals) = postSolution
		SolutionGuid = {D68C57D4-35F6-4F89-BE71-E1A087693390}
	EndGlobalSection
EndGlobal
