
Microsoft Visual Studio Solution File, Format Version 12.00
# Visual Studio 15
VisualStudioVersion = 15.0.28307.421
MinimumVisualStudioVersion = 10.0.40219.1
Project("{FAE04EC0-301F-11D3-BF4B-00C04F79EFBC}") = "ConsoleApp10", "ConsoleApp10\ConsoleApp10.csproj", "{EA748918-38AB-4DC8-AB43-1749C1E2CF47}"
EndProject
Global
	GlobalSection(SolutionConfigurationPlatforms) = preSolution
		Debug|Any CPU = Debug|Any CPU
		Release|Any CPU = Release|Any CPU
	EndGlobalSection
	GlobalSection(ProjectConfigurationPlatforms) = postSolution
		{EA748918-38AB-4DC8-AB43-1749C1E2CF47}.Debug|Any CPU.ActiveCfg = Debug|Any CPU
		{EA748918-38AB-4DC8-AB43-1749C1E2CF47}.Debug|Any CPU.Build.0 = Debug|Any CPU
		{EA748918-38AB-4DC8-AB43-1749C1E2CF47}.Release|Any CPU.ActiveCfg = Release|Any CPU
		{EA748918-38AB-4DC8-AB43-1749C1E2CF47}.Release|Any CPU.Build.0 = Release|Any CPU
	EndGlobalSection
	GlobalSection(SolutionProperties) = preSolution
		HideSolutionNode = FALSE
	EndGlobalSection
	GlobalSection(ExtensibilityGlobals) = postSolution
		SolutionGuid = {07737C06-2E7D-4587-A99F-3222DB8E5B0B}
	EndGlobalSection
EndGlobal
