
Microsoft Visual Studio Solution File, Format Version 12.00
# Visual Studio 15
VisualStudioVersion = 15.0.28307.421
MinimumVisualStudioVersion = 10.0.40219.1
Project("{FAE04EC0-301F-11D3-BF4B-00C04F79EFBC}") = "ConsoleApp28", "ConsoleApp28\ConsoleApp28.csproj", "{C96FB1E5-270F-4269-BB17-F8B3D8ABCF18}"
EndProject
Global
	GlobalSection(SolutionConfigurationPlatforms) = preSolution
		Debug|Any CPU = Debug|Any CPU
		Release|Any CPU = Release|Any CPU
	EndGlobalSection
	GlobalSection(ProjectConfigurationPlatforms) = postSolution
		{C96FB1E5-270F-4269-BB17-F8B3D8ABCF18}.Debug|Any CPU.ActiveCfg = Debug|Any CPU
		{C96FB1E5-270F-4269-BB17-F8B3D8ABCF18}.Debug|Any CPU.Build.0 = Debug|Any CPU
		{C96FB1E5-270F-4269-BB17-F8B3D8ABCF18}.Release|Any CPU.ActiveCfg = Release|Any CPU
		{C96FB1E5-270F-4269-BB17-F8B3D8ABCF18}.Release|Any CPU.Build.0 = Release|Any CPU
	EndGlobalSection
	GlobalSection(SolutionProperties) = preSolution
		HideSolutionNode = FALSE
	EndGlobalSection
	GlobalSection(ExtensibilityGlobals) = postSolution
		SolutionGuid = {A706CD04-D223-40F4-B808-441D4493AFB0}
	EndGlobalSection
EndGlobal
